PODS:
  - AppsFlyerFramework (6.15.1):
    - AppsFlyerFramework/Main (= 6.15.1)
  - AppsFlyerFramework/Main (6.15.1)
  - boost (1.76.0)
  - DoubleConversion (1.1.6)
  - EXApplication (5.3.1):
    - ExpoModulesCore
  - EXBarCodeScanner (12.5.3):
    - EXImageLoader
    - ExpoModulesCore
    - ZXingObjC/OneD
    - ZXingObjC/PDF417
  - EXCamera (13.4.4):
    - ExpoModulesCore
  - EXConstants (14.4.2):
    - ExpoModulesCore
  - EXFileSystem (15.4.5):
    - ExpoModulesCore
  - EXFont (11.4.0):
    - ExpoModulesCore
  - EXImageLoader (4.3.0):
    - ExpoModulesCore
    - React-Core
  - EXNotifications (0.20.1):
    - ExpoModulesCore
  - Expo (49.0.21):
    - ExpoModulesCore
  - ExpoBlur (12.8.0):
    - ExpoModulesCore
  - ExpoCrypto (12.4.1):
    - ExpoModulesCore
  - ExpoDevice (5.4.0):
    - ExpoModulesCore
  - ExpoHaptics (12.4.0):
    - ExpoModulesCore
  - ExpoImage (1.3.5):
    - ExpoModulesCore
    - SDWebImage (~> 5.15.8)
    - SDWebImageAVIFCoder (~> 0.10.0)
    - SDWebImageSVGCoder (~> 1.7.0)
    - SDWebImageWebPCoder (~> 0.11.0)
  - ExpoImagePicker (14.3.2):
    - ExpoModulesCore
  - ExpoKeepAwake (12.3.0):
    - ExpoModulesCore
  - ExpoLinearGradient (12.3.0):
    - ExpoModulesCore
  - ExpoLocalAuthentication (13.4.1):
    - ExpoModulesCore
  - ExpoModulesCore (1.5.12):
    - RCT-Folly (= 2021.07.22.00)
    - React-Core
    - React-NativeModulesApple
    - React-RCTAppDelegate
    - ReactCommon/turbomodule/core
  - ExpoNetwork (5.6.0):
    - ExpoModulesCore
  - ExpoRandom (13.2.0):
    - ExpoModulesCore
  - ExpoSecureStore (12.5.0):
    - ExpoModulesCore
  - ExpoStoreReview (6.6.0):
    - ExpoModulesCore
  - ExpoSystemUI (2.6.0):
    - ExpoModulesCore
  - ExpoWebBrowser (12.3.2):
    - ExpoModulesCore
  - EXScreenCapture (5.3.0):
    - ExpoModulesCore
  - EXSplashScreen (0.20.5):
    - ExpoModulesCore
    - RCT-Folly (= 2021.07.22.00)
    - React-Core
  - FBLazyVector (0.72.6)
  - FBReactNativeSpec (0.72.6):
    - RCT-Folly (= 2021.07.22.00)
    - RCTRequired (= 0.72.6)
    - RCTTypeSafety (= 0.72.6)
    - React-Core (= 0.72.6)
    - React-jsi (= 0.72.6)
    - ReactCommon/turbomodule/core (= 0.72.6)
  - fmt (6.2.1)
  - glog (0.3.5)
  - hermes-engine (0.72.6):
    - hermes-engine/Pre-built (= 0.72.6)
  - hermes-engine/Pre-built (0.72.6)
  - ImageColors (2.3.0):
    - ExpoModulesCore
  - Intercom (18.6.2)
  - intercom-react-native (8.3.0):
    - Intercom (~> 18.6.1)
    - React-Core
  - libaom (3.0.0):
    - libvmaf (>= 2.2.0)
  - libavif (0.11.1):
    - libavif/libaom (= 0.11.1)
  - libavif/core (0.11.1)
  - libavif/libaom (0.11.1):
    - libaom (>= 2.0.0)
    - libavif/core
  - libevent (2.1.12)
  - libvmaf (2.3.1)
  - libwebp (1.5.0):
    - libwebp/demux (= 1.5.0)
    - libwebp/mux (= 1.5.0)
    - libwebp/sharpyuv (= 1.5.0)
    - libwebp/webp (= 1.5.0)
  - libwebp/demux (1.5.0):
    - libwebp/webp
  - libwebp/mux (1.5.0):
    - libwebp/demux
  - libwebp/sharpyuv (1.5.0)
  - libwebp/webp (1.5.0):
    - libwebp/sharpyuv
  - lottie-ios (4.3.4)
  - lottie-react-native (6.4.1):
    - lottie-ios (~> 4.3.3)
    - React-Core
  - Mindbox (2.13.4):
    - MindboxLogger (= 2.13.4)
  - MindboxLogger (2.13.4)
  - MindboxNotifications (2.13.4):
    - MindboxLogger (= 2.13.4)
  - MindboxSdk (2.13.4):
    - Mindbox (= 2.13.4)
    - MindboxNotifications (= 2.13.4)
    - React-Core
  - Mixpanel-swift (4.3.0):
    - Mixpanel-swift/Complete (= 4.3.0)
  - Mixpanel-swift/Complete (4.3.0)
  - MixpanelReactNative (3.0.8):
    - Mixpanel-swift (= 4.3.0)
    - React-Core
  - MMKV (2.1.0):
    - MMKVCore (~> 2.1.0)
  - MMKVCore (2.1.1)
  - MultiplatformBleAdapter (0.1.9)
  - OpenSSL-Universal (3.3.2000)
  - Permission-Camera (3.10.1):
    - RNPermissions
  - RCT-Folly (2021.07.22.00):
    - boost
    - DoubleConversion
    - fmt (~> 6.2.1)
    - glog
    - RCT-Folly/Default (= 2021.07.22.00)
  - RCT-Folly/Default (2021.07.22.00):
    - boost
    - DoubleConversion
    - fmt (~> 6.2.1)
    - glog
  - RCT-Folly/Futures (2021.07.22.00):
    - boost
    - DoubleConversion
    - fmt (~> 6.2.1)
    - glog
    - libevent
  - RCTRequired (0.72.6)
  - RCTTypeSafety (0.72.6):
    - FBLazyVector (= 0.72.6)
    - RCTRequired (= 0.72.6)
    - React-Core (= 0.72.6)
  - React (0.72.6):
    - React-Core (= 0.72.6)
    - React-Core/DevSupport (= 0.72.6)
    - React-Core/RCTWebSocket (= 0.72.6)
    - React-RCTActionSheet (= 0.72.6)
    - React-RCTAnimation (= 0.72.6)
    - React-RCTBlob (= 0.72.6)
    - React-RCTImage (= 0.72.6)
    - React-RCTLinking (= 0.72.6)
    - React-RCTNetwork (= 0.72.6)
    - React-RCTSettings (= 0.72.6)
    - React-RCTText (= 0.72.6)
    - React-RCTVibration (= 0.72.6)
  - React-callinvoker (0.72.6)
  - React-Codegen (0.72.6):
    - DoubleConversion
    - FBReactNativeSpec
    - glog
    - hermes-engine
    - RCT-Folly
    - RCTRequired
    - RCTTypeSafety
    - React-Core
    - React-jsi
    - React-jsiexecutor
    - React-NativeModulesApple
    - React-rncore
    - ReactCommon/turbomodule/bridging
    - ReactCommon/turbomodule/core
  - React-Core (0.72.6):
    - glog
    - hermes-engine
    - RCT-Folly (= 2021.07.22.00)
    - React-Core/Default (= 0.72.6)
    - React-cxxreact
    - React-hermes
    - React-jsi
    - React-jsiexecutor
    - React-perflogger
    - React-runtimeexecutor
    - React-utils
    - SocketRocket (= 0.6.1)
    - Yoga
  - React-Core/CoreModulesHeaders (0.72.6):
    - glog
    - hermes-engine
    - RCT-Folly (= 2021.07.22.00)
    - React-Core/Default
    - React-cxxreact
    - React-hermes
    - React-jsi
    - React-jsiexecutor
    - React-perflogger
    - React-runtimeexecutor
    - React-utils
    - SocketRocket (= 0.6.1)
    - Yoga
  - React-Core/Default (0.72.6):
    - glog
    - hermes-engine
    - RCT-Folly (= 2021.07.22.00)
    - React-cxxreact
    - React-hermes
    - React-jsi
    - React-jsiexecutor
    - React-perflogger
    - React-runtimeexecutor
    - React-utils
    - SocketRocket (= 0.6.1)
    - Yoga
  - React-Core/DevSupport (0.72.6):
    - glog
    - hermes-engine
    - RCT-Folly (= 2021.07.22.00)
    - React-Core/Default (= 0.72.6)
    - React-Core/RCTWebSocket (= 0.72.6)
    - React-cxxreact
    - React-hermes
    - React-jsi
    - React-jsiexecutor
    - React-jsinspector (= 0.72.6)
    - React-perflogger
    - React-runtimeexecutor
    - React-utils
    - SocketRocket (= 0.6.1)
    - Yoga
  - React-Core/RCTActionSheetHeaders (0.72.6):
    - glog
    - hermes-engine
    - RCT-Folly (= 2021.07.22.00)
    - React-Core/Default
    - React-cxxreact
    - React-hermes
    - React-jsi
    - React-jsiexecutor
    - React-perflogger
    - React-runtimeexecutor
    - React-utils
    - SocketRocket (= 0.6.1)
    - Yoga
  - React-Core/RCTAnimationHeaders (0.72.6):
    - glog
    - hermes-engine
    - RCT-Folly (= 2021.07.22.00)
    - React-Core/Default
    - React-cxxreact
    - React-hermes
    - React-jsi
    - React-jsiexecutor
    - React-perflogger
    - React-runtimeexecutor
    - React-utils
    - SocketRocket (= 0.6.1)
    - Yoga
  - React-Core/RCTBlobHeaders (0.72.6):
    - glog
    - hermes-engine
    - RCT-Folly (= 2021.07.22.00)
    - React-Core/Default
    - React-cxxreact
    - React-hermes
    - React-jsi
    - React-jsiexecutor
    - React-perflogger
    - React-runtimeexecutor
    - React-utils
    - SocketRocket (= 0.6.1)
    - Yoga
  - React-Core/RCTImageHeaders (0.72.6):
    - glog
    - hermes-engine
    - RCT-Folly (= 2021.07.22.00)
    - React-Core/Default
    - React-cxxreact
    - React-hermes
    - React-jsi
    - React-jsiexecutor
    - React-perflogger
    - React-runtimeexecutor
    - React-utils
    - SocketRocket (= 0.6.1)
    - Yoga
  - React-Core/RCTLinkingHeaders (0.72.6):
    - glog
    - hermes-engine
    - RCT-Folly (= 2021.07.22.00)
    - React-Core/Default
    - React-cxxreact
    - React-hermes
    - React-jsi
    - React-jsiexecutor
    - React-perflogger
    - React-runtimeexecutor
    - React-utils
    - SocketRocket (= 0.6.1)
    - Yoga
  - React-Core/RCTNetworkHeaders (0.72.6):
    - glog
    - hermes-engine
    - RCT-Folly (= 2021.07.22.00)
    - React-Core/Default
    - React-cxxreact
    - React-hermes
    - React-jsi
    - React-jsiexecutor
    - React-perflogger
    - React-runtimeexecutor
    - React-utils
    - SocketRocket (= 0.6.1)
    - Yoga
  - React-Core/RCTSettingsHeaders (0.72.6):
    - glog
    - hermes-engine
    - RCT-Folly (= 2021.07.22.00)
    - React-Core/Default
    - React-cxxreact
    - React-hermes
    - React-jsi
    - React-jsiexecutor
    - React-perflogger
    - React-runtimeexecutor
    - React-utils
    - SocketRocket (= 0.6.1)
    - Yoga
  - React-Core/RCTTextHeaders (0.72.6):
    - glog
    - hermes-engine
    - RCT-Folly (= 2021.07.22.00)
    - React-Core/Default
    - React-cxxreact
    - React-hermes
    - React-jsi
    - React-jsiexecutor
    - React-perflogger
    - React-runtimeexecutor
    - React-utils
    - SocketRocket (= 0.6.1)
    - Yoga
  - React-Core/RCTVibrationHeaders (0.72.6):
    - glog
    - hermes-engine
    - RCT-Folly (= 2021.07.22.00)
    - React-Core/Default
    - React-cxxreact
    - React-hermes
    - React-jsi
    - React-jsiexecutor
    - React-perflogger
    - React-runtimeexecutor
    - React-utils
    - SocketRocket (= 0.6.1)
    - Yoga
  - React-Core/RCTWebSocket (0.72.6):
    - glog
    - hermes-engine
    - RCT-Folly (= 2021.07.22.00)
    - React-Core/Default (= 0.72.6)
    - React-cxxreact
    - React-hermes
    - React-jsi
    - React-jsiexecutor
    - React-perflogger
    - React-runtimeexecutor
    - React-utils
    - SocketRocket (= 0.6.1)
    - Yoga
  - React-CoreModules (0.72.6):
    - RCT-Folly (= 2021.07.22.00)
    - RCTTypeSafety (= 0.72.6)
    - React-Codegen (= 0.72.6)
    - React-Core/CoreModulesHeaders (= 0.72.6)
    - React-jsi (= 0.72.6)
    - React-RCTBlob
    - React-RCTImage (= 0.72.6)
    - ReactCommon/turbomodule/core (= 0.72.6)
    - SocketRocket (= 0.6.1)
  - React-cxxreact (0.72.6):
    - boost (= 1.76.0)
    - DoubleConversion
    - glog
    - hermes-engine
    - RCT-Folly (= 2021.07.22.00)
    - React-callinvoker (= 0.72.6)
    - React-debug (= 0.72.6)
    - React-jsi (= 0.72.6)
    - React-jsinspector (= 0.72.6)
    - React-logger (= 0.72.6)
    - React-perflogger (= 0.72.6)
    - React-runtimeexecutor (= 0.72.6)
  - React-debug (0.72.6)
  - React-hermes (0.72.6):
    - DoubleConversion
    - glog
    - hermes-engine
    - RCT-Folly (= 2021.07.22.00)
    - RCT-Folly/Futures (= 2021.07.22.00)
    - React-cxxreact (= 0.72.6)
    - React-jsi
    - React-jsiexecutor (= 0.72.6)
    - React-jsinspector (= 0.72.6)
    - React-perflogger (= 0.72.6)
  - React-jsi (0.72.6):
    - boost (= 1.76.0)
    - DoubleConversion
    - glog
    - hermes-engine
    - RCT-Folly (= 2021.07.22.00)
  - React-jsiexecutor (0.72.6):
    - DoubleConversion
    - glog
    - hermes-engine
    - RCT-Folly (= 2021.07.22.00)
    - React-cxxreact (= 0.72.6)
    - React-jsi (= 0.72.6)
    - React-perflogger (= 0.72.6)
  - React-jsinspector (0.72.6)
  - React-logger (0.72.6):
    - glog
  - react-native-appsflyer (6.15.1):
    - AppsFlyerFramework (= 6.15.1)
    - React
  - react-native-ble-plx (2.0.3):
    - MultiplatformBleAdapter (= 0.1.9)
    - React-Core
  - react-native-blurhash (1.1.11):
    - React-Core
  - react-native-context-menu-view (1.12.0):
    - React
  - react-native-fast-pbkdf2 (0.3.1):
    - React-Core
  - react-native-minimizer (1.3.0):
    - React
  - react-native-mmkv (2.6.3):
    - MMKV (>= 1.2.13)
    - React-Core
  - react-native-pager-view (6.2.2):
    - React-Core
  - react-native-quick-base64 (2.0.7):
    - React-Core
  - react-native-quick-crypto (0.7.9):
    - OpenSSL-Universal
    - RCT-Folly (= 2021.07.22.00)
    - React
    - React-Core
  - react-native-safe-area-context (4.6.3):
    - RCT-Folly
    - RCTRequired
    - RCTTypeSafety
    - React-Core
    - ReactCommon/turbomodule/core
  - react-native-segmented-control (2.4.2):
    - React-Core
  - react-native-skia (0.1.196):
    - React
    - React-callinvoker
    - React-Core
  - react-native-view-shot (3.8.0):
    - React-Core
  - react-native-webview (13.14.1):
    - RCT-Folly (= 2021.07.22.00)
    - React-Core
  - React-NativeModulesApple (0.72.6):
    - hermes-engine
    - React-callinvoker
    - React-Core
    - React-cxxreact
    - React-jsi
    - React-runtimeexecutor
    - ReactCommon/turbomodule/bridging
    - ReactCommon/turbomodule/core
  - React-perflogger (0.72.6)
  - React-RCTActionSheet (0.72.6):
    - React-Core/RCTActionSheetHeaders (= 0.72.6)
  - React-RCTAnimation (0.72.6):
    - RCT-Folly (= 2021.07.22.00)
    - RCTTypeSafety (= 0.72.6)
    - React-Codegen (= 0.72.6)
    - React-Core/RCTAnimationHeaders (= 0.72.6)
    - React-jsi (= 0.72.6)
    - ReactCommon/turbomodule/core (= 0.72.6)
  - React-RCTAppDelegate (0.72.6):
    - RCT-Folly
    - RCTRequired
    - RCTTypeSafety
    - React-Core
    - React-CoreModules
    - React-hermes
    - React-NativeModulesApple
    - React-RCTImage
    - React-RCTNetwork
    - React-runtimescheduler
    - ReactCommon/turbomodule/core
  - React-RCTBlob (0.72.6):
    - hermes-engine
    - RCT-Folly (= 2021.07.22.00)
    - React-Codegen (= 0.72.6)
    - React-Core/RCTBlobHeaders (= 0.72.6)
    - React-Core/RCTWebSocket (= 0.72.6)
    - React-jsi (= 0.72.6)
    - React-RCTNetwork (= 0.72.6)
    - ReactCommon/turbomodule/core (= 0.72.6)
  - React-RCTImage (0.72.6):
    - RCT-Folly (= 2021.07.22.00)
    - RCTTypeSafety (= 0.72.6)
    - React-Codegen (= 0.72.6)
    - React-Core/RCTImageHeaders (= 0.72.6)
    - React-jsi (= 0.72.6)
    - React-RCTNetwork (= 0.72.6)
    - ReactCommon/turbomodule/core (= 0.72.6)
  - React-RCTLinking (0.72.6):
    - React-Codegen (= 0.72.6)
    - React-Core/RCTLinkingHeaders (= 0.72.6)
    - React-jsi (= 0.72.6)
    - ReactCommon/turbomodule/core (= 0.72.6)
  - React-RCTNetwork (0.72.6):
    - RCT-Folly (= 2021.07.22.00)
    - RCTTypeSafety (= 0.72.6)
    - React-Codegen (= 0.72.6)
    - React-Core/RCTNetworkHeaders (= 0.72.6)
    - React-jsi (= 0.72.6)
    - ReactCommon/turbomodule/core (= 0.72.6)
  - React-RCTSettings (0.72.6):
    - RCT-Folly (= 2021.07.22.00)
    - RCTTypeSafety (= 0.72.6)
    - React-Codegen (= 0.72.6)
    - React-Core/RCTSettingsHeaders (= 0.72.6)
    - React-jsi (= 0.72.6)
    - ReactCommon/turbomodule/core (= 0.72.6)
  - React-RCTText (0.72.6):
    - React-Core/RCTTextHeaders (= 0.72.6)
  - React-RCTVibration (0.72.6):
    - RCT-Folly (= 2021.07.22.00)
    - React-Codegen (= 0.72.6)
    - React-Core/RCTVibrationHeaders (= 0.72.6)
    - React-jsi (= 0.72.6)
    - ReactCommon/turbomodule/core (= 0.72.6)
  - React-rncore (0.72.6)
  - React-runtimeexecutor (0.72.6):
    - React-jsi (= 0.72.6)
  - React-runtimescheduler (0.72.6):
    - glog
    - hermes-engine
    - RCT-Folly (= 2021.07.22.00)
    - React-callinvoker
    - React-debug
    - React-jsi
    - React-runtimeexecutor
  - React-utils (0.72.6):
    - glog
    - RCT-Folly (= 2021.07.22.00)
    - React-debug
  - ReactCommon/turbomodule/bridging (0.72.6):
    - DoubleConversion
    - glog
    - hermes-engine
    - RCT-Folly (= 2021.07.22.00)
    - React-callinvoker (= 0.72.6)
    - React-cxxreact (= 0.72.6)
    - React-jsi (= 0.72.6)
    - React-logger (= 0.72.6)
    - React-perflogger (= 0.72.6)
  - ReactCommon/turbomodule/core (0.72.6):
    - DoubleConversion
    - glog
    - hermes-engine
    - RCT-Folly (= 2021.07.22.00)
    - React-callinvoker (= 0.72.6)
    - React-cxxreact (= 0.72.6)
    - React-jsi (= 0.72.6)
    - React-logger (= 0.72.6)
    - React-perflogger (= 0.72.6)
  - ReactNativePerformance (4.1.2):
    - React-Core
  - RNCClipboard (1.12.1):
    - React-Core
  - RNCPicker (2.4.10):
    - React-Core
  - RNDeviceInfo (10.11.0):
    - React-Core
  - RNFlashList (1.6.4):
    - React-Core
  - RNGestureHandler (2.20.0):
    - RCT-Folly (= 2021.07.22.00)
    - React-Core
  - RNInAppBrowser (3.7.0):
    - React-Core
  - RNKeychain (8.1.2):
    - React-Core
  - RNLocalize (2.2.6):
    - React-Core
  - RNPermissions (3.10.1):
    - React-Core
  - RNReanimated (3.6.1):
    - RCT-Folly (= 2021.07.22.00)
    - React-Core
    - ReactCommon/turbomodule/core
  - RNScreens (3.22.1):
    - React-Core
    - React-RCTImage
  - RNShare (11.0.2):
    - RCT-Folly (= 2021.07.22.00)
    - React-Core
  - RNSVG (14.0.0):
    - React-Core
  - SDWebImage (5.15.8):
    - SDWebImage/Core (= 5.15.8)
  - SDWebImage/Core (5.15.8)
  - SDWebImageAVIFCoder (0.10.1):
    - libavif (>= 0.11.0)
    - SDWebImage (~> 5.10)
  - SDWebImageSVGCoder (1.7.0):
    - SDWebImage/Core (~> 5.6)
  - SDWebImageWebPCoder (0.11.0):
    - libwebp (~> 1.0)
    - SDWebImage/Core (~> 5.15)
  - SocketRocket (0.6.1)
  - Yoga (1.14.0)
  - ZXingObjC/Core (3.6.9)
  - ZXingObjC/OneD (3.6.9):
    - ZXingObjC/Core
  - ZXingObjC/PDF417 (3.6.9):
    - ZXingObjC/Core

DEPENDENCIES:
  - boost (from `../node_modules/react-native/third-party-podspecs/boost.podspec`)
  - DoubleConversion (from `../node_modules/react-native/third-party-podspecs/DoubleConversion.podspec`)
  - EXApplication (from `../node_modules/expo-application/ios`)
  - EXBarCodeScanner (from `../node_modules/expo-barcode-scanner/ios`)
  - EXCamera (from `../node_modules/expo-camera/ios`)
  - EXConstants (from `../node_modules/expo-constants/ios`)
  - EXFileSystem (from `../node_modules/expo-file-system/ios`)
  - EXFont (from `../node_modules/expo-font/ios`)
  - EXImageLoader (from `../node_modules/expo-image-loader/ios`)
  - EXNotifications (from `../node_modules/expo-notifications/ios`)
  - Expo (from `../node_modules/expo`)
  - ExpoBlur (from `../node_modules/expo-blur/ios`)
  - ExpoCrypto (from `../node_modules/expo-crypto/ios`)
  - ExpoDevice (from `../node_modules/expo-device/ios`)
  - ExpoHaptics (from `../node_modules/expo-haptics/ios`)
  - ExpoImage (from `../node_modules/expo-image/ios`)
  - ExpoImagePicker (from `../node_modules/expo-image-picker/ios`)
  - ExpoKeepAwake (from `../node_modules/expo-keep-awake/ios`)
  - ExpoLinearGradient (from `../node_modules/expo-linear-gradient/ios`)
  - ExpoLocalAuthentication (from `../node_modules/expo-local-authentication/ios`)
  - ExpoModulesCore (from `../node_modules/expo-modules-core`)
  - ExpoNetwork (from `../node_modules/expo-network/ios`)
  - ExpoRandom (from `../node_modules/expo-random/ios`)
  - ExpoSecureStore (from `../node_modules/expo-secure-store/ios`)
  - ExpoStoreReview (from `../node_modules/expo-store-review/ios`)
  - ExpoSystemUI (from `../node_modules/expo-system-ui/ios`)
  - ExpoWebBrowser (from `../node_modules/expo-web-browser/ios`)
  - EXScreenCapture (from `../node_modules/expo-screen-capture/ios`)
  - EXSplashScreen (from `../node_modules/expo-splash-screen/ios`)
  - FBLazyVector (from `../node_modules/react-native/Libraries/FBLazyVector`)
  - FBReactNativeSpec (from `../node_modules/react-native/React/FBReactNativeSpec`)
  - glog (from `../node_modules/react-native/third-party-podspecs/glog.podspec`)
  - hermes-engine (from `../node_modules/react-native/sdks/hermes-engine/hermes-engine.podspec`)
  - ImageColors (from `../node_modules/react-native-image-colors/ios`)
  - "intercom-react-native (from `../node_modules/@intercom/intercom-react-native`)"
  - libevent (~> 2.1.12)
  - lottie-react-native (from `../node_modules/lottie-react-native`)
  - Mindbox
  - MindboxSdk (from `../node_modules/mindbox-sdk`)
  - MixpanelReactNative (from `../node_modules/mixpanel-react-native`)
  - Permission-Camera (from `../node_modules/react-native-permissions/ios/Camera`)
  - RCT-Folly (from `../node_modules/react-native/third-party-podspecs/RCT-Folly.podspec`)
  - RCTRequired (from `../node_modules/react-native/Libraries/RCTRequired`)
  - RCTTypeSafety (from `../node_modules/react-native/Libraries/TypeSafety`)
  - React (from `../node_modules/react-native/`)
  - React-callinvoker (from `../node_modules/react-native/ReactCommon/callinvoker`)
  - React-Codegen (from `build/generated/ios`)
  - React-Core (from `../node_modules/react-native/`)
  - React-Core/RCTWebSocket (from `../node_modules/react-native/`)
  - React-CoreModules (from `../node_modules/react-native/React/CoreModules`)
  - React-cxxreact (from `../node_modules/react-native/ReactCommon/cxxreact`)
  - React-debug (from `../node_modules/react-native/ReactCommon/react/debug`)
  - React-hermes (from `../node_modules/react-native/ReactCommon/hermes`)
  - React-jsi (from `../node_modules/react-native/ReactCommon/jsi`)
  - React-jsiexecutor (from `../node_modules/react-native/ReactCommon/jsiexecutor`)
  - React-jsinspector (from `../node_modules/react-native/ReactCommon/jsinspector`)
  - React-logger (from `../node_modules/react-native/ReactCommon/logger`)
  - react-native-appsflyer (from `../node_modules/react-native-appsflyer`)
  - react-native-ble-plx (from `../node_modules/react-native-ble-plx`)
  - react-native-blurhash (from `../node_modules/react-native-blurhash`)
  - react-native-context-menu-view (from `../node_modules/react-native-context-menu-view`)
  - react-native-fast-pbkdf2 (from `../node_modules/react-native-fast-pbkdf2`)
  - react-native-minimizer (from `../node_modules/react-native-minimizer`)
  - react-native-mmkv (from `../node_modules/react-native-mmkv`)
  - react-native-pager-view (from `../node_modules/react-native-pager-view`)
  - react-native-quick-base64 (from `../node_modules/react-native-quick-base64`)
  - react-native-quick-crypto (from `../node_modules/react-native-quick-crypto`)
  - react-native-safe-area-context (from `../node_modules/react-native-safe-area-context`)
  - "react-native-segmented-control (from `../node_modules/@react-native-segmented-control/segmented-control`)"
  - "react-native-skia (from `../node_modules/@shopify/react-native-skia`)"
  - react-native-view-shot (from `../node_modules/react-native-view-shot`)
  - react-native-webview (from `../node_modules/react-native-webview`)
  - React-NativeModulesApple (from `../node_modules/react-native/ReactCommon/react/nativemodule/core/platform/ios`)
  - React-perflogger (from `../node_modules/react-native/ReactCommon/reactperflogger`)
  - React-RCTActionSheet (from `../node_modules/react-native/Libraries/ActionSheetIOS`)
  - React-RCTAnimation (from `../node_modules/react-native/Libraries/NativeAnimation`)
  - React-RCTAppDelegate (from `../node_modules/react-native/Libraries/AppDelegate`)
  - React-RCTBlob (from `../node_modules/react-native/Libraries/Blob`)
  - React-RCTImage (from `../node_modules/react-native/Libraries/Image`)
  - React-RCTLinking (from `../node_modules/react-native/Libraries/LinkingIOS`)
  - React-RCTNetwork (from `../node_modules/react-native/Libraries/Network`)
  - React-RCTSettings (from `../node_modules/react-native/Libraries/Settings`)
  - React-RCTText (from `../node_modules/react-native/Libraries/Text`)
  - React-RCTVibration (from `../node_modules/react-native/Libraries/Vibration`)
  - React-rncore (from `../node_modules/react-native/ReactCommon`)
  - React-runtimeexecutor (from `../node_modules/react-native/ReactCommon/runtimeexecutor`)
  - React-runtimescheduler (from `../node_modules/react-native/ReactCommon/react/renderer/runtimescheduler`)
  - React-utils (from `../node_modules/react-native/ReactCommon/react/utils`)
  - ReactCommon/turbomodule/core (from `../node_modules/react-native/ReactCommon`)
  - "ReactNativePerformance (from `../node_modules/@shopify/react-native-performance`)"
  - "RNCClipboard (from `../node_modules/@react-native-clipboard/clipboard`)"
  - "RNCPicker (from `../node_modules/@react-native-picker/picker`)"
  - RNDeviceInfo (from `../node_modules/react-native-device-info`)
  - "RNFlashList (from `../node_modules/@shopify/flash-list`)"
  - RNGestureHandler (from `../node_modules/react-native-gesture-handler`)
  - RNInAppBrowser (from `../node_modules/react-native-inappbrowser-reborn`)
  - RNKeychain (from `../node_modules/react-native-keychain`)
  - RNLocalize (from `../node_modules/react-native-localize`)
  - RNPermissions (from `../node_modules/react-native-permissions`)
  - RNReanimated (from `../node_modules/react-native-reanimated`)
  - RNScreens (from `../node_modules/react-native-screens`)
  - RNShare (from `../node_modules/react-native-share`)
  - RNSVG (from `../node_modules/react-native-svg`)
  - Yoga (from `../node_modules/react-native/ReactCommon/yoga`)

SPEC REPOS:
  https://github.com/CocoaPods/Specs.git:
    - AppsFlyerFramework
    - fmt
    - Intercom
    - libaom
    - libavif
    - libevent
    - libvmaf
    - libwebp
    - lottie-ios
    - Mindbox
    - MindboxLogger
    - MindboxNotifications
    - Mixpanel-swift
    - MMKV
    - MMKVCore
    - MultiplatformBleAdapter
    - OpenSSL-Universal
    - SDWebImage
    - SDWebImageAVIFCoder
    - SDWebImageSVGCoder
    - SDWebImageWebPCoder
    - SocketRocket
    - ZXingObjC

EXTERNAL SOURCES:
  boost:
    :podspec: "../node_modules/react-native/third-party-podspecs/boost.podspec"
  DoubleConversion:
    :podspec: "../node_modules/react-native/third-party-podspecs/DoubleConversion.podspec"
  EXApplication:
    :path: "../node_modules/expo-application/ios"
  EXBarCodeScanner:
    :path: "../node_modules/expo-barcode-scanner/ios"
  EXCamera:
    :path: "../node_modules/expo-camera/ios"
  EXConstants:
    :path: "../node_modules/expo-constants/ios"
  EXFileSystem:
    :path: "../node_modules/expo-file-system/ios"
  EXFont:
    :path: "../node_modules/expo-font/ios"
  EXImageLoader:
    :path: "../node_modules/expo-image-loader/ios"
  EXNotifications:
    :path: "../node_modules/expo-notifications/ios"
  Expo:
    :path: "../node_modules/expo"
  ExpoBlur:
    :path: "../node_modules/expo-blur/ios"
  ExpoCrypto:
    :path: "../node_modules/expo-crypto/ios"
  ExpoDevice:
    :path: "../node_modules/expo-device/ios"
  ExpoHaptics:
    :path: "../node_modules/expo-haptics/ios"
  ExpoImage:
    :path: "../node_modules/expo-image/ios"
  ExpoImagePicker:
    :path: "../node_modules/expo-image-picker/ios"
  ExpoKeepAwake:
    :path: "../node_modules/expo-keep-awake/ios"
  ExpoLinearGradient:
    :path: "../node_modules/expo-linear-gradient/ios"
  ExpoLocalAuthentication:
    :path: "../node_modules/expo-local-authentication/ios"
  ExpoModulesCore:
    :path: "../node_modules/expo-modules-core"
  ExpoNetwork:
    :path: "../node_modules/expo-network/ios"
  ExpoRandom:
    :path: "../node_modules/expo-random/ios"
  ExpoSecureStore:
    :path: "../node_modules/expo-secure-store/ios"
  ExpoStoreReview:
    :path: "../node_modules/expo-store-review/ios"
  ExpoSystemUI:
    :path: "../node_modules/expo-system-ui/ios"
  ExpoWebBrowser:
    :path: "../node_modules/expo-web-browser/ios"
  EXScreenCapture:
    :path: "../node_modules/expo-screen-capture/ios"
  EXSplashScreen:
    :path: "../node_modules/expo-splash-screen/ios"
  FBLazyVector:
    :path: "../node_modules/react-native/Libraries/FBLazyVector"
  FBReactNativeSpec:
    :path: "../node_modules/react-native/React/FBReactNativeSpec"
  glog:
    :podspec: "../node_modules/react-native/third-party-podspecs/glog.podspec"
  hermes-engine:
    :podspec: "../node_modules/react-native/sdks/hermes-engine/hermes-engine.podspec"
    :tag: hermes-2023-08-07-RNv0.72.4-813b2def12bc9df02654b3e3653ae4a68d0572e0
  ImageColors:
    :path: "../node_modules/react-native-image-colors/ios"
  intercom-react-native:
    :path: "../node_modules/@intercom/intercom-react-native"
  lottie-react-native:
    :path: "../node_modules/lottie-react-native"
  MindboxSdk:
    :path: "../node_modules/mindbox-sdk"
  MixpanelReactNative:
    :path: "../node_modules/mixpanel-react-native"
  Permission-Camera:
    :path: "../node_modules/react-native-permissions/ios/Camera"
  RCT-Folly:
    :podspec: "../node_modules/react-native/third-party-podspecs/RCT-Folly.podspec"
  RCTRequired:
    :path: "../node_modules/react-native/Libraries/RCTRequired"
  RCTTypeSafety:
    :path: "../node_modules/react-native/Libraries/TypeSafety"
  React:
    :path: "../node_modules/react-native/"
  React-callinvoker:
    :path: "../node_modules/react-native/ReactCommon/callinvoker"
  React-Codegen:
    :path: build/generated/ios
  React-Core:
    :path: "../node_modules/react-native/"
  React-CoreModules:
    :path: "../node_modules/react-native/React/CoreModules"
  React-cxxreact:
    :path: "../node_modules/react-native/ReactCommon/cxxreact"
  React-debug:
    :path: "../node_modules/react-native/ReactCommon/react/debug"
  React-hermes:
    :path: "../node_modules/react-native/ReactCommon/hermes"
  React-jsi:
    :path: "../node_modules/react-native/ReactCommon/jsi"
  React-jsiexecutor:
    :path: "../node_modules/react-native/ReactCommon/jsiexecutor"
  React-jsinspector:
    :path: "../node_modules/react-native/ReactCommon/jsinspector"
  React-logger:
    :path: "../node_modules/react-native/ReactCommon/logger"
  react-native-appsflyer:
    :path: "../node_modules/react-native-appsflyer"
  react-native-ble-plx:
    :path: "../node_modules/react-native-ble-plx"
  react-native-blurhash:
    :path: "../node_modules/react-native-blurhash"
  react-native-context-menu-view:
    :path: "../node_modules/react-native-context-menu-view"
  react-native-fast-pbkdf2:
    :path: "../node_modules/react-native-fast-pbkdf2"
  react-native-minimizer:
    :path: "../node_modules/react-native-minimizer"
  react-native-mmkv:
    :path: "../node_modules/react-native-mmkv"
  react-native-pager-view:
    :path: "../node_modules/react-native-pager-view"
  react-native-quick-base64:
    :path: "../node_modules/react-native-quick-base64"
  react-native-quick-crypto:
    :path: "../node_modules/react-native-quick-crypto"
  react-native-safe-area-context:
    :path: "../node_modules/react-native-safe-area-context"
  react-native-segmented-control:
    :path: "../node_modules/@react-native-segmented-control/segmented-control"
  react-native-skia:
    :path: "../node_modules/@shopify/react-native-skia"
  react-native-view-shot:
    :path: "../node_modules/react-native-view-shot"
  react-native-webview:
    :path: "../node_modules/react-native-webview"
  React-NativeModulesApple:
    :path: "../node_modules/react-native/ReactCommon/react/nativemodule/core/platform/ios"
  React-perflogger:
    :path: "../node_modules/react-native/ReactCommon/reactperflogger"
  React-RCTActionSheet:
    :path: "../node_modules/react-native/Libraries/ActionSheetIOS"
  React-RCTAnimation:
    :path: "../node_modules/react-native/Libraries/NativeAnimation"
  React-RCTAppDelegate:
    :path: "../node_modules/react-native/Libraries/AppDelegate"
  React-RCTBlob:
    :path: "../node_modules/react-native/Libraries/Blob"
  React-RCTImage:
    :path: "../node_modules/react-native/Libraries/Image"
  React-RCTLinking:
    :path: "../node_modules/react-native/Libraries/LinkingIOS"
  React-RCTNetwork:
    :path: "../node_modules/react-native/Libraries/Network"
  React-RCTSettings:
    :path: "../node_modules/react-native/Libraries/Settings"
  React-RCTText:
    :path: "../node_modules/react-native/Libraries/Text"
  React-RCTVibration:
    :path: "../node_modules/react-native/Libraries/Vibration"
  React-rncore:
    :path: "../node_modules/react-native/ReactCommon"
  React-runtimeexecutor:
    :path: "../node_modules/react-native/ReactCommon/runtimeexecutor"
  React-runtimescheduler:
    :path: "../node_modules/react-native/ReactCommon/react/renderer/runtimescheduler"
  React-utils:
    :path: "../node_modules/react-native/ReactCommon/react/utils"
  ReactCommon:
    :path: "../node_modules/react-native/ReactCommon"
  ReactNativePerformance:
    :path: "../node_modules/@shopify/react-native-performance"
  RNCClipboard:
    :path: "../node_modules/@react-native-clipboard/clipboard"
  RNCPicker:
    :path: "../node_modules/@react-native-picker/picker"
  RNDeviceInfo:
    :path: "../node_modules/react-native-device-info"
  RNFlashList:
    :path: "../node_modules/@shopify/flash-list"
  RNGestureHandler:
    :path: "../node_modules/react-native-gesture-handler"
  RNInAppBrowser:
    :path: "../node_modules/react-native-inappbrowser-reborn"
  RNKeychain:
    :path: "../node_modules/react-native-keychain"
  RNLocalize:
    :path: "../node_modules/react-native-localize"
  RNPermissions:
    :path: "../node_modules/react-native-permissions"
  RNReanimated:
    :path: "../node_modules/react-native-reanimated"
  RNScreens:
    :path: "../node_modules/react-native-screens"
  RNShare:
    :path: "../node_modules/react-native-share"
  RNSVG:
    :path: "../node_modules/react-native-svg"
  Yoga:
    :path: "../node_modules/react-native/ReactCommon/yoga"

SPEC CHECKSUMS:
  AppsFlyerFramework: 375c63ff47da664031d2723947867caf0205058c
  boost: 7dcd2de282d72e344012f7d6564d024930a6a440
  DoubleConversion: 5189b271737e1565bdce30deb4a08d647e3f5f54
  EXApplication: aa0fc96f297b984950f2ca8d64c5a326403a0b29
  EXBarCodeScanner: 21fc547982d7a3496dad343c895b09257d0aed70
  EXCamera: 0f18913fdb318a33ca87bf162086cae48b8f02c3
  EXConstants: e7d8d1bec9a20242b4f92a9d66967c3904e0dcd0
  EXFileSystem: 1aeed803248e2b62c5cde8b8d8c6cb1525fc40c1
  EXFont: aa39b3f790e2b3188986ac5e8684cf6003c00a18
  EXImageLoader: 2c79db9355756be7494a2257648235ee47dc0f9c
  EXNotifications: aa416a5772ee7db622c3cd1ac4b258a30002c273
  Expo: 999421a55388ebad4009aeada631419d79d65793
  ExpoBlur: 08a62bac745873bb72e7403896551726df115ccd
  ExpoCrypto: e0714ca676dc875ee772802cf20bcea6ec75c3e7
  ExpoDevice: 0333baa899c09213c1c6cb3d1a1b2061fb00594c
  ExpoHaptics: d69587143e0c95f1ea7ff0131b16eeed293523ce
  ExpoImage: ff7ac3c15a698e29b8ca22a45bfb14cc1ce5521b
  ExpoImagePicker: d4192fbdec40fdfb01638e174c4a76139a2ab5bf
  ExpoKeepAwake: 8ab1087501f5ccb91146447756b787575b13f13e
  ExpoLinearGradient: 1db30c60fe141f185b0ca5556cc85deb3ee9f245
  ExpoLocalAuthentication: 1cda963cd342803e67405c28466913312ee2a964
  ExpoModulesCore: 7a0ab2761761977aa79ccbac0a56887b98cebd5b
  ExpoNetwork: 5391add46121993f75199984e5d5c8a0e4e5aec8
  ExpoRandom: 0df3e6351bb8282b6d2ce4b333fe08f615b182d3
  ExpoSecureStore: 0fcdedf77e48b9d4259fab210f7eb97c1d275d0b
  ExpoStoreReview: ed009c43356c42098528ff2d9a887827250f8498
  ExpoSystemUI: 3fd45bed5fb5729c9c62e8b67b546cb28e0b6367
  ExpoWebBrowser: 025c51f93c6a04beb169388877918de64ccae171
  EXScreenCapture: 18b3f5076ad23bfed10ecd4e9388f023ea97cf24
  EXSplashScreen: 84a7d9a965a2203e138528326fc3a511818e3fd1
  FBLazyVector: 748c0ef74f2bf4b36cfcccf37916806940a64c32
  FBReactNativeSpec: 966f29e4e697de53a3b366355e8f57375c856ad9
  fmt: ff9d55029c625d3757ed641535fd4a75fedc7ce9
  glog: 04b94705f318337d7ead9e6d17c019bd9b1f6b1b
  hermes-engine: 8057e75cfc1437b178ac86c8654b24e7fead7f60
  ImageColors: 4eff2e3e9c3192904109a860de3b46a99ec3ab80
  Intercom: f350fe6915364cb369ea5cee9c3d888cdec3d119
  intercom-react-native: 452b614d67d2cb3aac5929d925f6fd3b188254e8
  libaom: 144606b1da4b5915a1054383c3a4459ccdb3c661
  libavif: 84bbb62fb232c3018d6f1bab79beea87e35de7b7
  libevent: 4049cae6c81cdb3654a443be001fb9bdceff7913
  libvmaf: 27f523f1e63c694d14d534cd0fddd2fab0ae8711
  libwebp: 02b23773aedb6ff1fd38cec7a77b81414c6842a8
  lottie-ios: 3d98679b41fa6fd6aff2352b3953dbd3df8a397e
  lottie-react-native: 75da908905bb0cac63e4a19f2abe6ac005516411
  Mindbox: 232b73269546b9492ec4bf9905021f83c941114b
  MindboxLogger: 0a63c34d4daf2a48a8493da7450a018c123adbd2
  MindboxNotifications: 00637c85e497d4fdfc54ddeb114dfec16cb88025
  MindboxSdk: cc15904074e72a00d3fcdac311767d6c066a7554
  Mixpanel-swift: 2192b9a24cf41b870749e4e0e10fbc9822bb2b4a
  MixpanelReactNative: 76314cf184a17d493e2dd8a3e367c81d91361eea
  MMKV: ce484c1ac40bf76d5f09a0195d2ec5b3d3840d55
  MMKVCore: 1eb661c6c498ab88e3df9ce5d8ff94d05fcc0567
  MultiplatformBleAdapter: 5a6a897b006764392f9cef785e4360f54fb9477d
  OpenSSL-Universal: b60a3702c9fea8b3145549d421fdb018e53ab7b4
  Permission-Camera: cf14fb2d76432ee0f36546249ee608ef6037a23e
  RCT-Folly: 424b8c9a7a0b9ab2886ffe9c3b041ef628fd4fb1
  RCTRequired: 28469809442eb4eb5528462705f7d852948c8a74
  RCTTypeSafety: e9c6c409fca2cc584e5b086862d562540cb38d29
  React: 769f469909b18edfe934f0539fffb319c4c61043
  React-callinvoker: e48ce12c83706401251921896576710d81e54763
  React-Codegen: 09c4a6d0a6ba9f7d008ac3a5e7c202899178ce20
  React-Core: 4d03a504696413bc97ef8a9085f642555867eed8
  React-CoreModules: 93be55ffed8b41ed664b51072498a23d9261410b
  React-cxxreact: ac5508f2887a7eeb93dd9675e2cfc2b20b379936
  React-debug: 238501490155574ae9f3f8dd1c74330eba30133e
  React-hermes: 2dc01922de59f0e21230aedc51d5adef7d7f76f6
  React-jsi: 11012bf34366812063bd16ca739ca219af26680f
  React-jsiexecutor: 5b6dd84e7461ae0bd999922cafe1fe3f98ced073
  React-jsinspector: 194e32c6aab382d88713ad3dd0025c5f5c4ee072
  React-logger: 39440454dfd719978689203a9d18b94e98de09eb
  react-native-appsflyer: 24c078b1fec256fb6d9a9bf520c87e1c15f5368c
  react-native-ble-plx: 2dd8780ee8d34c60399aaa897249ed1860ebef10
  react-native-blurhash: 275104c6fb85e754c448854024bf7a8d4571ba8a
  react-native-context-menu-view: e21c055b8f787f92fdd0ce732fc203c43b25d3de
  react-native-fast-pbkdf2: 329e89b9929a51ed4d9ba88bf355a266f13d9d93
  react-native-minimizer: c39a2267f46f37dc19971faa8b10049cfb0efe1b
  react-native-mmkv: 46d9ba09943259b81ca8863e8ebc732bb3febee5
  react-native-pager-view: 294879207fd0e01ec97691c1806c94700dd72770
  react-native-quick-base64: c7534c629dedbb1baddcd4324584c97fb2ec3dc1
  react-native-quick-crypto: 825191c3ef6206573191f4889b786e09232e35de
  react-native-safe-area-context: f998d7c030d9c89b0a745f8466f1f988478d822e
  react-native-segmented-control: b73dfcb3570a4c03dd3dda11ea31e15bd1ce0793
  react-native-skia: 7d5ecd264f6efe9cd7ec99281945eb3e4b392842
  react-native-view-shot: d1a701eb0719c6dccbd20b4bb43b1069f304cb70
  react-native-webview: 6b3cdd9b7f4ad25e39be3836958e14cc3c610f1f
  React-NativeModulesApple: 90508a0d94b0b66bb2ba14bc3bef65a00f5a8efb
  React-perflogger: e3596db7e753f51766bceadc061936ef1472edc3
  React-RCTActionSheet: 17ab132c748b4471012abbcdcf5befe860660485
  React-RCTAnimation: c8bbaab62be5817d2a31c36d5f2571e3f7dcf099
  React-RCTAppDelegate: c06dfd41e63ef630220dc1892f77c277bba84a98
  React-RCTBlob: 56f3c13b80c8b415ad1f81881fcab44904abe07c
  React-RCTImage: 670a3486b532292649b1aef3ffddd0b495a5cee4
  React-RCTLinking: bd7ab853144aed463903237e615fd91d11b4f659
  React-RCTNetwork: be86a621f3e4724758f23ad1fdce32474ab3d829
  React-RCTSettings: 4f3a29a6d23ffa639db9701bc29af43f30781058
  React-RCTText: adde32164a243103aaba0b1dc7b0a2599733873e
  React-RCTVibration: 6bd85328388ac2e82ae0ca11afe48ad5555b483a
  React-rncore: fda7b1ae5918fa7baa259105298a5487875a57c8
  React-runtimeexecutor: 57d85d942862b08f6d15441a0badff2542fd233c
  React-runtimescheduler: 8d48e9f0cf62099f501fcd52234240006fa12c8f
  React-utils: ee4e6bf16d6882500500d517d36f9035874c5f6a
  ReactCommon: 2060ee7b68e71d23849968f6406550ba2df71bdb
  ReactNativePerformance: fa4952a58739e1a1f6b90a4e9777657d463499a3
  RNCClipboard: 9d33327413fe87aa0c8ef83e1b9a939d7c4f535d
  RNCPicker: 43a6a73efbb33d71640146070cc1720f1f75f5d6
  RNDeviceInfo: 0fdf3a74396823838469394397d218fe159227f2
  RNFlashList: 23b2c67aa684179d29c8c2f468c6f5334e609951
  RNGestureHandler: 1a022f47e3922a3f075135c038d7c50584557c28
  RNInAppBrowser: 6d3eb68d471b9834335c664704719b8be1bfdb20
  RNKeychain: df33ae4d27df06622fc14190b790ba8749f6be76
  RNLocalize: 8bf466de4c92d4721b254aabe1ff0a1456e7b9f4
  RNPermissions: bd0d9ca7969ff7b999aa605ee2e5919c12522bfe
  RNReanimated: 49a1e0d191bdaefe1b394eb258bc52a42bcf704c
  RNScreens: 39db1910d2ea9ae885dcda43086818e9f8b714d0
  RNShare: 9a3c9381654231d44017097208186dc5985414d9
  RNSVG: 983a4b7ae4f40be1167cbbcec989e39c55e1ec94
  SDWebImage: cb032eba469c54e0000e78bcb0a13cdde0a52798
  SDWebImageAVIFCoder: 8348fef6d0ec69e129c66c9fe4d74fbfbf366112
  SDWebImageSVGCoder: 15a300a97ec1c8ac958f009c02220ac0402e936c
  SDWebImageWebPCoder: 295a6573c512f54ad2dd58098e64e17dcf008499
  SocketRocket: f32cd54efbe0f095c4d7594881e52619cfe80b17
  Yoga: b76f1acfda8212aa16b7e26bcce3983230c82603
  ZXingObjC: 8898711ab495761b2dbbdec76d90164a6d7e14c5

PODFILE CHECKSUM: 9b4a4c2b150fc6ae0b0738e764349ca0991ead5b

COCOAPODS: 1.16.2
